
Microsoft Visual Studio Solution File, Format Version 12.00
# Visual Studio Version 17
VisualStudioVersion = 17.11.35303.130
MinimumVisualStudioVersion = 10.0.40219.1
Project("{FAE04EC0-301F-11D3-BF4B-00C04F79EFBC}") = "lab_05_SDList_QLTinhTien", "lab_05_SDList_QLTinhTien\lab_05_SDList_QLTinhTien.csproj", "{B5CBCAEB-B6E4-495D-88C7-490BE6B9DCF2}"
EndProject
Global
	GlobalSection(SolutionConfigurationPlatforms) = preSolution
		Debug|Any CPU = Debug|Any CPU
		Release|Any CPU = Release|Any CPU
	EndGlobalSection
	GlobalSection(ProjectConfigurationPlatforms) = postSolution
		{B5CBCAEB-B6E4-495D-88C7-490BE6B9DCF2}.Debug|Any CPU.ActiveCfg = Debug|Any CPU
		{B5CBCAEB-B6E4-495D-88C7-490BE6B9DCF2}.Debug|Any CPU.Build.0 = Debug|Any CPU
		{B5CBCAEB-B6E4-495D-88C7-490BE6B9DCF2}.Release|Any CPU.ActiveCfg = Release|Any CPU
		{B5CBCAEB-B6E4-495D-88C7-490BE6B9DCF2}.Release|Any CPU.Build.0 = Release|Any CPU
	EndGlobalSection
	GlobalSection(SolutionProperties) = preSolution
		HideSolutionNode = FALSE
	EndGlobalSection
	GlobalSection(ExtensibilityGlobals) = postSolution
		SolutionGuid = {2B1DE446-187C-4381-94FA-3215106B855A}
	EndGlobalSection
EndGlobal
